<?xml version="1.0" encoding="utf-8"?>
<Project ToolsVersion="4.0" xmlns="http://schemas.microsoft.com/developer/msbuild/2003">
  <ItemGroup>
    <Filter Include="Source Files">
      <UniqueIdentifier>{4FC737F1-C7A5-4376-A066-2A32D752A2FF}</UniqueIdentifier>
      <Extensions>cpp;c;cc;cxx;c++;cppm;ixx;def;odl;idl;hpj;bat;asm;asmx</Extensions>
    </Filter>
    <Filter Include="Header Files">
      <UniqueIdentifier>{93995380-89BD-4b04-88EB-625FBE52EBFB}</UniqueIdentifier>
      <Extensions>h;hh;hpp;hxx;h++;hm;inl;inc;ipp;xsd</Extensions>
    </Filter>
    <Filter Include="Resource Files">
      <UniqueIdentifier>{67DA6AB6-F800-4c08-8B7A-83BB121AAD01}</UniqueIdentifier>
      <Extensions>rc;ico;cur;bmp;dlg;rc2;rct;bin;rgs;gif;jpg;jpeg;jpe;resx;tiff;tif;png;wav;mfcribbon-ms</Extensions>
    </Filter>
    <Filter Include="Script">
      <UniqueIdentifier>{e58dd968-bc6a-4550-9d14-85f7c9771e8d}</UniqueIdentifier>
    </Filter>
    <Filter Include="Script\Level">
      <UniqueIdentifier>{8eea667e-ea78-4d62-b6b7-0f96d632ab4e}</UniqueIdentifier>
    </Filter>
    <Filter Include="Script\Level\Entity">
      <UniqueIdentifier>{050927bb-55fe-4078-8d9d-4062f71ec924}</UniqueIdentifier>
    </Filter>
    <Filter Include="Script\Component">
      <UniqueIdentifier>{08f7ce83-7f9d-48b6-a990-1aca3a3b0421}</UniqueIdentifier>
    </Filter>
  </ItemGroup>
  <ItemGroup>
    <ClCompile Include="Main.cpp">
      <Filter>Source Files</Filter>
    </ClCompile>
    <ClCompile Include="FileLoader.cpp">
      <Filter>Source Files</Filter>
    </ClCompile>
    <ClCompile Include="Level.cpp">
      <Filter>Script\Level</Filter>
    </ClCompile>
    <ClCompile Include="Entity.cpp">
      <Filter>Script\Level\Entity</Filter>
    </ClCompile>
    <ClCompile Include="TextureManager.cpp">
      <Filter>Source Files</Filter>
    </ClCompile>
    <ClCompile Include="Component.cpp">
      <Filter>Source Files</Filter>
    </ClCompile>
    <ClCompile Include="MovementComponent.cpp">
      <Filter>Source Files</Filter>
    </ClCompile>
    <ClCompile Include="LifeComponent.cpp">
      <Filter>Source Files</Filter>
    </ClCompile>
    <ClCompile Include="PacMan.cpp">
      <Filter>Source Files</Filter>
    </ClCompile>
  </ItemGroup>
  <ItemGroup>
    <ClInclude Include="Singleton.h">
      <Filter>Resource Files</Filter>
    </ClInclude>
    <ClInclude Include="CoreMinimal.h">
      <Filter>Resource Files</Filter>
    </ClInclude>
    <ClInclude Include="Logger.h">
      <Filter>Resource Files</Filter>
    </ClInclude>
    <ClInclude Include="FileLoader.h">
      <Filter>Resource Files</Filter>
    </ClInclude>
    <ClInclude Include="Macro.h">
      <Filter>Resource Files</Filter>
    </ClInclude>
    <ClInclude Include="Level.h">
      <Filter>Script\Level</Filter>
    </ClInclude>
    <ClInclude Include="Entity.h">
      <Filter>Script\Level\Entity</Filter>
    </ClInclude>
    <ClInclude Include="TextureManager.h">
      <Filter>Script</Filter>
    </ClInclude>
    <ClInclude Include="PacMan.h">
      <Filter>Script</Filter>
    </ClInclude>
    <ClInclude Include="MovementComponent.h">
      <Filter>Script\Component</Filter>
    </ClInclude>
    <ClInclude Include="Component.h">
      <Filter>Script\Component</Filter>
    </ClInclude>
    <ClInclude Include="LifeComponent.h">
      <Filter>Script\Component</Filter>
    </ClInclude>
  </ItemGroup>
</Project>